{
  "name": "kronos-main",
  "version": "0.0.0-semantic-release",
  "lockfileVersion": 2,
  "requires": true,
  "packages": {
    "": {
      "name": "kronos-main",
      "version": "0.0.0-semantic-release",
      "license": "BSD-2-Clause",
      "devDependencies": {},
      "engines": {
        "node": ">=8.11"
      }
    }
  }
}
